
Microsoft Visual Studio Solution File, Format Version 10.00
# Visual Studio 2008
Project("{8BC9CEB8-8B4A-11D0-8D11-00A0C91BC942}") = "SerMosSPS", "SerMosSPS\SerMosSPS.vcproj", "{B53A56D6-0F1B-489C-B3A3-8DC79ADD8DF2}"
EndProject
Global
	GlobalSection(SolutionConfigurationPlatforms) = preSolution
		Debug|Win32 = Debug|Win32
		Release|Win32 = Release|Win32
	EndGlobalSection
	GlobalSection(ProjectConfigurationPlatforms) = postSolution
		{B53A56D6-0F1B-489C-B3A3-8DC79ADD8DF2}.Debug|Win32.ActiveCfg = Debug|Win32
		{B53A56D6-0F1B-489C-B3A3-8DC79ADD8DF2}.Debug|Win32.Build.0 = Debug|Win32
		{B53A56D6-0F1B-489C-B3A3-8DC79ADD8DF2}.Release|Win32.ActiveCfg = Release|Win32
		{B53A56D6-0F1B-489C-B3A3-8DC79ADD8DF2}.Release|Win32.Build.0 = Release|Win32
	EndGlobalSection
	GlobalSection(SolutionProperties) = preSolution
		HideSolutionNode = FALSE
	EndGlobalSection
EndGlobal
